
Microsoft Visual Studio Solution File, Format Version 12.00
# Visual Studio Version 17
VisualStudioVersion = 17.14.36518.9 d17.14
MinimumVisualStudioVersion = 10.0.40219.1
Project("{FAE04EC0-301F-11D3-BF4B-00C04F79EFBC}") = "Tareas", "Tareas\Tareas.csproj", "{BA1CE706-72BE-4B38-92AF-CF09727ADBBD}"
EndProject
Global
	GlobalSection(SolutionConfigurationPlatforms) = preSolution
		Debug|Any CPU = Debug|Any CPU
		Release|Any CPU = Release|Any CPU
	EndGlobalSection
	GlobalSection(ProjectConfigurationPlatforms) = postSolution
		{BA1CE706-72BE-4B38-92AF-CF09727ADBBD}.Debug|Any CPU.ActiveCfg = Debug|Any CPU
		{BA1CE706-72BE-4B38-92AF-CF09727ADBBD}.Debug|Any CPU.Build.0 = Debug|Any CPU
		{BA1CE706-72BE-4B38-92AF-CF09727ADBBD}.Release|Any CPU.ActiveCfg = Release|Any CPU
		{BA1CE706-72BE-4B38-92AF-CF09727ADBBD}.Release|Any CPU.Build.0 = Release|Any CPU
	EndGlobalSection
	GlobalSection(SolutionProperties) = preSolution
		HideSolutionNode = FALSE
	EndGlobalSection
	GlobalSection(ExtensibilityGlobals) = postSolution
		SolutionGuid = {7D80D4B3-8B7C-4E09-9EA7-73120C5D347F}
	EndGlobalSection
EndGlobal
